
Microsoft Visual Studio Solution File, Format Version 12.00
# Visual Studio Version 16
VisualStudioVersion = 16.0.28803.202
MinimumVisualStudioVersion = 10.0.40219.1
Project("{9A19103F-16F7-4668-BE54-9A1E7A4F7556}") = "Rac.VOne.Common", "Rac.VOne.Common\Rac.VOne.Common.csproj", "{15A14B0E-A52A-4CDA-AF8B-53180FD2835A}"
EndProject
Project("{9A19103F-16F7-4668-BE54-9A1E7A4F7556}") = "Rac.VOne.Web.Models", "Rac.VOne.Web.Models\Rac.VOne.Web.Models.csproj", "{90128CE2-45C9-4E62-B6AB-9C5F7C63E591}"
EndProject
Project("{9A19103F-16F7-4668-BE54-9A1E7A4F7556}") = "Rac.VOne.Data", "Rac.VOne.Data\Rac.VOne.Data.csproj", "{FE694B09-63C6-40FE-BA03-8A72381FEFBD}"
EndProject
Project("{9A19103F-16F7-4668-BE54-9A1E7A4F7556}") = "Rac.VOne.Data.SqlServer", "Rac.VOne.Data.SqlServer\Rac.VOne.Data.SqlServer.csproj", "{46BCBEA1-FA3A-4CCD-B772-C56BC318C292}"
EndProject
Project("{9A19103F-16F7-4668-BE54-9A1E7A4F7556}") = "Rac.VOne.Web.Common", "Rac.VOne.Web.Common\Rac.VOne.Web.Common.csproj", "{FBCE5854-040D-4F91-8730-E993A62BA634}"
EndProject
Project("{FAE04EC0-301F-11D3-BF4B-00C04F79EFBC}") = "Rac.VOne.Client", "Rac.VOne.Client\Rac.VOne.Client.csproj", "{F5C00D99-86C2-4A76-B86E-12629C9CA76F}"
EndProject
Project("{9A19103F-16F7-4668-BE54-9A1E7A4F7556}") = "Rac.VOne.Client.Reports.Core", "Rac.VOne.Client.Reports.Core\Rac.VOne.Client.Reports.Core.csproj", "{13E5B8F5-EF6C-4B54-8E63-21DF2BE00626}"
EndProject
Project("{FAE04EC0-301F-11D3-BF4B-00C04F79EFBC}") = "Rac.VOne.Client.Reports", "Rac.VOne.Client.Reports\Rac.VOne.Client.Reports.csproj", "{94F2DA13-DA5B-431F-B4DC-957736FDED4A}"
EndProject
Project("{9A19103F-16F7-4668-BE54-9A1E7A4F7556}") = "Rac.VOne.AccountTransfer", "Rac.VOne.AccountTransfer\Rac.VOne.AccountTransfer.csproj", "{DEF6F2C0-442A-4B9F-BC22-72E8AB370745}"
EndProject
Project("{9A19103F-16F7-4668-BE54-9A1E7A4F7556}") = "Rac.VOne.Import", "Rac.VOne.Import\Rac.VOne.Import.csproj", "{4C5DF012-C21D-49EC-8D9F-8FB11602DFE0}"
EndProject
Project("{9A19103F-16F7-4668-BE54-9A1E7A4F7556}") = "Rac.VOne.Export", "Rac.VOne.Export\Rac.VOne.Export.csproj", "{DE8A9FF5-3AC7-4F15-8DCA-98ED5AC84FA9}"
EndProject
Project("{9A19103F-16F7-4668-BE54-9A1E7A4F7556}") = "Rac.VOne.EbData.Core", "Rac.VOne.EbData.Core\Rac.VOne.EbData.Core.csproj", "{E745ACCB-2D2F-403C-8E37-CAD0D11E2CCC}"
EndProject
Project("{FAE04EC0-301F-11D3-BF4B-00C04F79EFBC}") = "Rac.VOne.EbData", "Rac.VOne.EbData\Rac.VOne.EbData.csproj", "{DB79EB55-39AD-4314-A869-1433EFFA5643}"
EndProject
Project("{FAE04EC0-301F-11D3-BF4B-00C04F79EFBC}") = "Rac.VOne.Client.Common", "Rac.VOne.Client.Common\Rac.VOne.Client.Common.csproj", "{4101D2A0-542D-48A6-BDFB-CFC7CC4C6F91}"
EndProject
Project("{FAE04EC0-301F-11D3-BF4B-00C04F79EFBC}") = "Rac.VOne.Client.Screen", "Rac.VOne.Client.Screen\Rac.VOne.Client.Screen.csproj", "{028008CA-EBEB-4C89-A07D-B77D62CF4DF8}"
EndProject
Project("{FAE04EC0-301F-11D3-BF4B-00C04F79EFBC}") = "Rac.VOne.Web.Service", "Rac.VOne.Web.Service\Rac.VOne.Web.Service.csproj", "{1469B384-D646-48E8-BD50-187B0FBC5690}"
EndProject
Project("{FAE04EC0-301F-11D3-BF4B-00C04F79EFBC}") = "Rac.VOne.Client.Forms", "Rac.VOne.Client.Forms\Rac.VOne.Client.Forms.csproj", "{C4FD38F3-9CBA-4DC8-AC34-4CE8EDD8FF6F}"
EndProject
Project("{FAE04EC0-301F-11D3-BF4B-00C04F79EFBC}") = "Rac.VOne.Message", "Rac.VOne.Message\Rac.VOne.Message.csproj", "{2655F31B-F1EE-46FA-A775-8A78597F918D}"
EndProject
Global
	GlobalSection(SolutionConfigurationPlatforms) = preSolution
		Debug|Any CPU = Debug|Any CPU
		Debug|x86 = Debug|x86
		Release|Any CPU = Release|Any CPU
		Release|x86 = Release|x86
	EndGlobalSection
	GlobalSection(ProjectConfigurationPlatforms) = postSolution
		{15A14B0E-A52A-4CDA-AF8B-53180FD2835A}.Debug|Any CPU.ActiveCfg = Debug|Any CPU
		{15A14B0E-A52A-4CDA-AF8B-53180FD2835A}.Debug|Any CPU.Build.0 = Debug|Any CPU
		{15A14B0E-A52A-4CDA-AF8B-53180FD2835A}.Debug|x86.ActiveCfg = Debug|x86
		{15A14B0E-A52A-4CDA-AF8B-53180FD2835A}.Debug|x86.Build.0 = Debug|x86
		{15A14B0E-A52A-4CDA-AF8B-53180FD2835A}.Release|Any CPU.ActiveCfg = Release|Any CPU
		{15A14B0E-A52A-4CDA-AF8B-53180FD2835A}.Release|Any CPU.Build.0 = Release|Any CPU
		{15A14B0E-A52A-4CDA-AF8B-53180FD2835A}.Release|x86.ActiveCfg = Release|x86
		{15A14B0E-A52A-4CDA-AF8B-53180FD2835A}.Release|x86.Build.0 = Release|x86
		{90128CE2-45C9-4E62-B6AB-9C5F7C63E591}.Debug|Any CPU.ActiveCfg = Debug|Any CPU
		{90128CE2-45C9-4E62-B6AB-9C5F7C63E591}.Debug|Any CPU.Build.0 = Debug|Any CPU
		{90128CE2-45C9-4E62-B6AB-9C5F7C63E591}.Debug|x86.ActiveCfg = Debug|x86
		{90128CE2-45C9-4E62-B6AB-9C5F7C63E591}.Debug|x86.Build.0 = Debug|x86
		{90128CE2-45C9-4E62-B6AB-9C5F7C63E591}.Release|Any CPU.ActiveCfg = Release|Any CPU
		{90128CE2-45C9-4E62-B6AB-9C5F7C63E591}.Release|Any CPU.Build.0 = Release|Any CPU
		{90128CE2-45C9-4E62-B6AB-9C5F7C63E591}.Release|x86.ActiveCfg = Release|x86
		{90128CE2-45C9-4E62-B6AB-9C5F7C63E591}.Release|x86.Build.0 = Release|x86
		{FE694B09-63C6-40FE-BA03-8A72381FEFBD}.Debug|Any CPU.ActiveCfg = Debug|Any CPU
		{FE694B09-63C6-40FE-BA03-8A72381FEFBD}.Debug|Any CPU.Build.0 = Debug|Any CPU
		{FE694B09-63C6-40FE-BA03-8A72381FEFBD}.Debug|x86.ActiveCfg = Debug|x86
		{FE694B09-63C6-40FE-BA03-8A72381FEFBD}.Debug|x86.Build.0 = Debug|x86
		{FE694B09-63C6-40FE-BA03-8A72381FEFBD}.Release|Any CPU.ActiveCfg = Release|Any CPU
		{FE694B09-63C6-40FE-BA03-8A72381FEFBD}.Release|Any CPU.Build.0 = Release|Any CPU
		{FE694B09-63C6-40FE-BA03-8A72381FEFBD}.Release|x86.ActiveCfg = Release|x86
		{FE694B09-63C6-40FE-BA03-8A72381FEFBD}.Release|x86.Build.0 = Release|x86
		{46BCBEA1-FA3A-4CCD-B772-C56BC318C292}.Debug|Any CPU.ActiveCfg = Debug|Any CPU
		{46BCBEA1-FA3A-4CCD-B772-C56BC318C292}.Debug|Any CPU.Build.0 = Debug|Any CPU
		{46BCBEA1-FA3A-4CCD-B772-C56BC318C292}.Debug|x86.ActiveCfg = Debug|x86
		{46BCBEA1-FA3A-4CCD-B772-C56BC318C292}.Debug|x86.Build.0 = Debug|x86
		{46BCBEA1-FA3A-4CCD-B772-C56BC318C292}.Release|Any CPU.ActiveCfg = Release|Any CPU
		{46BCBEA1-FA3A-4CCD-B772-C56BC318C292}.Release|Any CPU.Build.0 = Release|Any CPU
		{46BCBEA1-FA3A-4CCD-B772-C56BC318C292}.Release|x86.ActiveCfg = Release|x86
		{46BCBEA1-FA3A-4CCD-B772-C56BC318C292}.Release|x86.Build.0 = Release|x86
		{FBCE5854-040D-4F91-8730-E993A62BA634}.Debug|Any CPU.ActiveCfg = Debug|Any CPU
		{FBCE5854-040D-4F91-8730-E993A62BA634}.Debug|Any CPU.Build.0 = Debug|Any CPU
		{FBCE5854-040D-4F91-8730-E993A62BA634}.Debug|x86.ActiveCfg = Debug|x86
		{FBCE5854-040D-4F91-8730-E993A62BA634}.Debug|x86.Build.0 = Debug|x86
		{FBCE5854-040D-4F91-8730-E993A62BA634}.Release|Any CPU.ActiveCfg = Release|Any CPU
		{FBCE5854-040D-4F91-8730-E993A62BA634}.Release|Any CPU.Build.0 = Release|Any CPU
		{FBCE5854-040D-4F91-8730-E993A62BA634}.Release|x86.ActiveCfg = Release|x86
		{FBCE5854-040D-4F91-8730-E993A62BA634}.Release|x86.Build.0 = Release|x86
		{F5C00D99-86C2-4A76-B86E-12629C9CA76F}.Debug|Any CPU.ActiveCfg = Debug|Any CPU
		{F5C00D99-86C2-4A76-B86E-12629C9CA76F}.Debug|Any CPU.Build.0 = Debug|Any CPU
		{F5C00D99-86C2-4A76-B86E-12629C9CA76F}.Debug|x86.ActiveCfg = Debug|Any CPU
		{F5C00D99-86C2-4A76-B86E-12629C9CA76F}.Debug|x86.Build.0 = Debug|Any CPU
		{F5C00D99-86C2-4A76-B86E-12629C9CA76F}.Release|Any CPU.ActiveCfg = Release|Any CPU
		{F5C00D99-86C2-4A76-B86E-12629C9CA76F}.Release|Any CPU.Build.0 = Release|Any CPU
		{F5C00D99-86C2-4A76-B86E-12629C9CA76F}.Release|x86.ActiveCfg = Release|Any CPU
		{F5C00D99-86C2-4A76-B86E-12629C9CA76F}.Release|x86.Build.0 = Release|Any CPU
		{13E5B8F5-EF6C-4B54-8E63-21DF2BE00626}.Debug|Any CPU.ActiveCfg = Debug|Any CPU
		{13E5B8F5-EF6C-4B54-8E63-21DF2BE00626}.Debug|Any CPU.Build.0 = Debug|Any CPU
		{13E5B8F5-EF6C-4B54-8E63-21DF2BE00626}.Debug|x86.ActiveCfg = Debug|x86
		{13E5B8F5-EF6C-4B54-8E63-21DF2BE00626}.Debug|x86.Build.0 = Debug|x86
		{13E5B8F5-EF6C-4B54-8E63-21DF2BE00626}.Release|Any CPU.ActiveCfg = Release|Any CPU
		{13E5B8F5-EF6C-4B54-8E63-21DF2BE00626}.Release|Any CPU.Build.0 = Release|Any CPU
		{13E5B8F5-EF6C-4B54-8E63-21DF2BE00626}.Release|x86.ActiveCfg = Release|x86
		{13E5B8F5-EF6C-4B54-8E63-21DF2BE00626}.Release|x86.Build.0 = Release|x86
		{94F2DA13-DA5B-431F-B4DC-957736FDED4A}.Debug|Any CPU.ActiveCfg = Debug|Any CPU
		{94F2DA13-DA5B-431F-B4DC-957736FDED4A}.Debug|Any CPU.Build.0 = Debug|Any CPU
		{94F2DA13-DA5B-431F-B4DC-957736FDED4A}.Debug|x86.ActiveCfg = Debug|Any CPU
		{94F2DA13-DA5B-431F-B4DC-957736FDED4A}.Debug|x86.Build.0 = Debug|Any CPU
		{94F2DA13-DA5B-431F-B4DC-957736FDED4A}.Release|Any CPU.ActiveCfg = Release|Any CPU
		{94F2DA13-DA5B-431F-B4DC-957736FDED4A}.Release|Any CPU.Build.0 = Release|Any CPU
		{94F2DA13-DA5B-431F-B4DC-957736FDED4A}.Release|x86.ActiveCfg = Release|Any CPU
		{94F2DA13-DA5B-431F-B4DC-957736FDED4A}.Release|x86.Build.0 = Release|Any CPU
		{DEF6F2C0-442A-4B9F-BC22-72E8AB370745}.Debug|Any CPU.ActiveCfg = Debug|Any CPU
		{DEF6F2C0-442A-4B9F-BC22-72E8AB370745}.Debug|Any CPU.Build.0 = Debug|Any CPU
		{DEF6F2C0-442A-4B9F-BC22-72E8AB370745}.Debug|x86.ActiveCfg = Debug|Any CPU
		{DEF6F2C0-442A-4B9F-BC22-72E8AB370745}.Debug|x86.Build.0 = Debug|Any CPU
		{DEF6F2C0-442A-4B9F-BC22-72E8AB370745}.Release|Any CPU.ActiveCfg = Release|Any CPU
		{DEF6F2C0-442A-4B9F-BC22-72E8AB370745}.Release|Any CPU.Build.0 = Release|Any CPU
		{DEF6F2C0-442A-4B9F-BC22-72E8AB370745}.Release|x86.ActiveCfg = Release|Any CPU
		{DEF6F2C0-442A-4B9F-BC22-72E8AB370745}.Release|x86.Build.0 = Release|Any CPU
		{4C5DF012-C21D-49EC-8D9F-8FB11602DFE0}.Debug|Any CPU.ActiveCfg = Debug|Any CPU
		{4C5DF012-C21D-49EC-8D9F-8FB11602DFE0}.Debug|Any CPU.Build.0 = Debug|Any CPU
		{4C5DF012-C21D-49EC-8D9F-8FB11602DFE0}.Debug|x86.ActiveCfg = Debug|x86
		{4C5DF012-C21D-49EC-8D9F-8FB11602DFE0}.Debug|x86.Build.0 = Debug|x86
		{4C5DF012-C21D-49EC-8D9F-8FB11602DFE0}.Release|Any CPU.ActiveCfg = Release|Any CPU
		{4C5DF012-C21D-49EC-8D9F-8FB11602DFE0}.Release|Any CPU.Build.0 = Release|Any CPU
		{4C5DF012-C21D-49EC-8D9F-8FB11602DFE0}.Release|x86.ActiveCfg = Release|x86
		{4C5DF012-C21D-49EC-8D9F-8FB11602DFE0}.Release|x86.Build.0 = Release|x86
		{DE8A9FF5-3AC7-4F15-8DCA-98ED5AC84FA9}.Debug|Any CPU.ActiveCfg = Debug|Any CPU
		{DE8A9FF5-3AC7-4F15-8DCA-98ED5AC84FA9}.Debug|Any CPU.Build.0 = Debug|Any CPU
		{DE8A9FF5-3AC7-4F15-8DCA-98ED5AC84FA9}.Debug|x86.ActiveCfg = Debug|x86
		{DE8A9FF5-3AC7-4F15-8DCA-98ED5AC84FA9}.Debug|x86.Build.0 = Debug|x86
		{DE8A9FF5-3AC7-4F15-8DCA-98ED5AC84FA9}.Release|Any CPU.ActiveCfg = Release|Any CPU
		{DE8A9FF5-3AC7-4F15-8DCA-98ED5AC84FA9}.Release|Any CPU.Build.0 = Release|Any CPU
		{DE8A9FF5-3AC7-4F15-8DCA-98ED5AC84FA9}.Release|x86.ActiveCfg = Release|x86
		{DE8A9FF5-3AC7-4F15-8DCA-98ED5AC84FA9}.Release|x86.Build.0 = Release|x86
		{E745ACCB-2D2F-403C-8E37-CAD0D11E2CCC}.Debug|Any CPU.ActiveCfg = Debug|Any CPU
		{E745ACCB-2D2F-403C-8E37-CAD0D11E2CCC}.Debug|Any CPU.Build.0 = Debug|Any CPU
		{E745ACCB-2D2F-403C-8E37-CAD0D11E2CCC}.Debug|x86.ActiveCfg = Debug|Any CPU
		{E745ACCB-2D2F-403C-8E37-CAD0D11E2CCC}.Debug|x86.Build.0 = Debug|Any CPU
		{E745ACCB-2D2F-403C-8E37-CAD0D11E2CCC}.Release|Any CPU.ActiveCfg = Release|Any CPU
		{E745ACCB-2D2F-403C-8E37-CAD0D11E2CCC}.Release|Any CPU.Build.0 = Release|Any CPU
		{E745ACCB-2D2F-403C-8E37-CAD0D11E2CCC}.Release|x86.ActiveCfg = Release|Any CPU
		{E745ACCB-2D2F-403C-8E37-CAD0D11E2CCC}.Release|x86.Build.0 = Release|Any CPU
		{DB79EB55-39AD-4314-A869-1433EFFA5643}.Debug|Any CPU.ActiveCfg = Debug|Any CPU
		{DB79EB55-39AD-4314-A869-1433EFFA5643}.Debug|Any CPU.Build.0 = Debug|Any CPU
		{DB79EB55-39AD-4314-A869-1433EFFA5643}.Debug|x86.ActiveCfg = Debug|Any CPU
		{DB79EB55-39AD-4314-A869-1433EFFA5643}.Debug|x86.Build.0 = Debug|Any CPU
		{DB79EB55-39AD-4314-A869-1433EFFA5643}.Release|Any CPU.ActiveCfg = Release|Any CPU
		{DB79EB55-39AD-4314-A869-1433EFFA5643}.Release|Any CPU.Build.0 = Release|Any CPU
		{DB79EB55-39AD-4314-A869-1433EFFA5643}.Release|x86.ActiveCfg = Release|Any CPU
		{DB79EB55-39AD-4314-A869-1433EFFA5643}.Release|x86.Build.0 = Release|Any CPU
		{4101D2A0-542D-48A6-BDFB-CFC7CC4C6F91}.Debug|Any CPU.ActiveCfg = Debug|Any CPU
		{4101D2A0-542D-48A6-BDFB-CFC7CC4C6F91}.Debug|Any CPU.Build.0 = Debug|Any CPU
		{4101D2A0-542D-48A6-BDFB-CFC7CC4C6F91}.Debug|x86.ActiveCfg = Debug|Any CPU
		{4101D2A0-542D-48A6-BDFB-CFC7CC4C6F91}.Debug|x86.Build.0 = Debug|Any CPU
		{4101D2A0-542D-48A6-BDFB-CFC7CC4C6F91}.Release|Any CPU.ActiveCfg = Release|Any CPU
		{4101D2A0-542D-48A6-BDFB-CFC7CC4C6F91}.Release|Any CPU.Build.0 = Release|Any CPU
		{4101D2A0-542D-48A6-BDFB-CFC7CC4C6F91}.Release|x86.ActiveCfg = Release|Any CPU
		{4101D2A0-542D-48A6-BDFB-CFC7CC4C6F91}.Release|x86.Build.0 = Release|Any CPU
		{028008CA-EBEB-4C89-A07D-B77D62CF4DF8}.Debug|Any CPU.ActiveCfg = Debug|Any CPU
		{028008CA-EBEB-4C89-A07D-B77D62CF4DF8}.Debug|Any CPU.Build.0 = Debug|Any CPU
		{028008CA-EBEB-4C89-A07D-B77D62CF4DF8}.Debug|x86.ActiveCfg = Debug|Any CPU
		{028008CA-EBEB-4C89-A07D-B77D62CF4DF8}.Debug|x86.Build.0 = Debug|Any CPU
		{028008CA-EBEB-4C89-A07D-B77D62CF4DF8}.Release|Any CPU.ActiveCfg = Release|Any CPU
		{028008CA-EBEB-4C89-A07D-B77D62CF4DF8}.Release|Any CPU.Build.0 = Release|Any CPU
		{028008CA-EBEB-4C89-A07D-B77D62CF4DF8}.Release|x86.ActiveCfg = Release|Any CPU
		{028008CA-EBEB-4C89-A07D-B77D62CF4DF8}.Release|x86.Build.0 = Release|Any CPU
		{1469B384-D646-48E8-BD50-187B0FBC5690}.Debug|Any CPU.ActiveCfg = Debug|Any CPU
		{1469B384-D646-48E8-BD50-187B0FBC5690}.Debug|Any CPU.Build.0 = Debug|Any CPU
		{1469B384-D646-48E8-BD50-187B0FBC5690}.Debug|x86.ActiveCfg = Debug|Any CPU
		{1469B384-D646-48E8-BD50-187B0FBC5690}.Debug|x86.Build.0 = Debug|Any CPU
		{1469B384-D646-48E8-BD50-187B0FBC5690}.Release|Any CPU.ActiveCfg = Release|Any CPU
		{1469B384-D646-48E8-BD50-187B0FBC5690}.Release|Any CPU.Build.0 = Release|Any CPU
		{1469B384-D646-48E8-BD50-187B0FBC5690}.Release|x86.ActiveCfg = Release|Any CPU
		{1469B384-D646-48E8-BD50-187B0FBC5690}.Release|x86.Build.0 = Release|Any CPU
		{C4FD38F3-9CBA-4DC8-AC34-4CE8EDD8FF6F}.Debug|Any CPU.ActiveCfg = Debug|Any CPU
		{C4FD38F3-9CBA-4DC8-AC34-4CE8EDD8FF6F}.Debug|Any CPU.Build.0 = Debug|Any CPU
		{C4FD38F3-9CBA-4DC8-AC34-4CE8EDD8FF6F}.Debug|x86.ActiveCfg = Debug|Any CPU
		{C4FD38F3-9CBA-4DC8-AC34-4CE8EDD8FF6F}.Debug|x86.Build.0 = Debug|Any CPU
		{C4FD38F3-9CBA-4DC8-AC34-4CE8EDD8FF6F}.Release|Any CPU.ActiveCfg = Release|Any CPU
		{C4FD38F3-9CBA-4DC8-AC34-4CE8EDD8FF6F}.Release|Any CPU.Build.0 = Release|Any CPU
		{C4FD38F3-9CBA-4DC8-AC34-4CE8EDD8FF6F}.Release|x86.ActiveCfg = Release|Any CPU
		{C4FD38F3-9CBA-4DC8-AC34-4CE8EDD8FF6F}.Release|x86.Build.0 = Release|Any CPU
		{2655F31B-F1EE-46FA-A775-8A78597F918D}.Debug|Any CPU.ActiveCfg = Debug|Any CPU
		{2655F31B-F1EE-46FA-A775-8A78597F918D}.Debug|Any CPU.Build.0 = Debug|Any CPU
		{2655F31B-F1EE-46FA-A775-8A78597F918D}.Debug|x86.ActiveCfg = Debug|Any CPU
		{2655F31B-F1EE-46FA-A775-8A78597F918D}.Debug|x86.Build.0 = Debug|Any CPU
		{2655F31B-F1EE-46FA-A775-8A78597F918D}.Release|Any CPU.ActiveCfg = Release|Any CPU
		{2655F31B-F1EE-46FA-A775-8A78597F918D}.Release|Any CPU.Build.0 = Release|Any CPU
		{2655F31B-F1EE-46FA-A775-8A78597F918D}.Release|x86.ActiveCfg = Release|Any CPU
		{2655F31B-F1EE-46FA-A775-8A78597F918D}.Release|x86.Build.0 = Release|Any CPU
	EndGlobalSection
	GlobalSection(SolutionProperties) = preSolution
		HideSolutionNode = FALSE
	EndGlobalSection
	GlobalSection(ExtensibilityGlobals) = postSolution
		SolutionGuid = {B69B7B2D-EA54-44EF-9502-B16AFE2FC409}
	EndGlobalSection
EndGlobal
