
Microsoft Visual Studio Solution File, Format Version 12.00
# Visual Studio 15
VisualStudioVersion = 15.0.28010.2026
MinimumVisualStudioVersion = 10.0.40219.1
Project("{FAE04EC0-301F-11D3-BF4B-00C04F79EFBC}") = "Rac.VOne.Web.Service", "Rac.VOne.Web.Service\Rac.VOne.Web.Service.csproj", "{1469B384-D646-48E8-BD50-187B0FBC5690}"
EndProject
Project("{2150E333-8FDC-42A3-9474-1A3956D46DE8}") = "Solution Items", "Solution Items", "{2A44C548-2C33-44B0-982B-FE456F4A4751}"
	ProjectSection(SolutionItems) = preProject
		Rac.VOne.ruleset = Rac.VOne.ruleset
	EndProjectSection
EndProject
Project("{FAE04EC0-301F-11D3-BF4B-00C04F79EFBC}") = "Rac.VOne.Client", "Rac.VOne.Client\Rac.VOne.Client.csproj", "{F5C00D99-86C2-4A76-B86E-12629C9CA76F}"
EndProject
Project("{FAE04EC0-301F-11D3-BF4B-00C04F79EFBC}") = "Rac.VOne.Client.Common", "Rac.VOne.Client.Common\Rac.VOne.Client.Common.csproj", "{4101D2A0-542D-48A6-BDFB-CFC7CC4C6F91}"
EndProject
Project("{FAE04EC0-301F-11D3-BF4B-00C04F79EFBC}") = "Rac.VOne.Message", "Rac.VOne.Message\Rac.VOne.Message.csproj", "{2655F31B-F1EE-46FA-A775-8A78597F918D}"
EndProject
Project("{FAE04EC0-301F-11D3-BF4B-00C04F79EFBC}") = "Rac.VOne.Client.Reports", "Rac.VOne.Client.Reports\Rac.VOne.Client.Reports.csproj", "{94F2DA13-DA5B-431F-B4DC-957736FDED4A}"
EndProject
Project("{FAE04EC0-301F-11D3-BF4B-00C04F79EFBC}") = "Rac.VOne.Client.Screen", "Rac.VOne.Client.Screen\Rac.VOne.Client.Screen.csproj", "{028008CA-EBEB-4C89-A07D-B77D62CF4DF8}"
	ProjectSection(ProjectDependencies) = postProject
		{1469B384-D646-48E8-BD50-187B0FBC5690} = {1469B384-D646-48E8-BD50-187B0FBC5690}
	EndProjectSection
EndProject
Project("{FAE04EC0-301F-11D3-BF4B-00C04F79EFBC}") = "Rac.VOne.Client.Batch", "Rac.VOne.Client.Batch\Rac.VOne.Client.Batch.csproj", "{1D651AE6-E8B1-4556-B51E-D13C461A0E7B}"
EndProject
Project("{FAE04EC0-301F-11D3-BF4B-00C04F79EFBC}") = "Rac.VOne.Client.Forms", "Rac.VOne.Client.Forms\Rac.VOne.Client.Forms.csproj", "{C4FD38F3-9CBA-4DC8-AC34-4CE8EDD8FF6F}"
EndProject
Project("{FAE04EC0-301F-11D3-BF4B-00C04F79EFBC}") = "Rac.VOne.EbData", "Rac.VOne.EbData\Rac.VOne.EbData.csproj", "{DB79EB55-39AD-4314-A869-1433EFFA5643}"
EndProject
Project("{9A19103F-16F7-4668-BE54-9A1E7A4F7556}") = "Rac.VOne.Web.Api", "Rac.VOne.Web.Api\Rac.VOne.Web.Api.csproj", "{02B50426-0897-4699-9759-E670AE1F8C8F}"
EndProject
Project("{9A19103F-16F7-4668-BE54-9A1E7A4F7556}") = "Rac.VOne.Data", "Rac.VOne.Data\Rac.VOne.Data.csproj", "{485D531C-A1E4-4595-AF09-EE7064D3C89A}"
EndProject
Project("{9A19103F-16F7-4668-BE54-9A1E7A4F7556}") = "Rac.VOne.Data.SqlServer", "Rac.VOne.Data.SqlServer\Rac.VOne.Data.SqlServer.csproj", "{8667E1FC-B48A-45B6-8B64-D89312F76B7A}"
EndProject
Project("{9A19103F-16F7-4668-BE54-9A1E7A4F7556}") = "Rac.VOne.Web.Models", "Rac.VOne.Web.Models\Rac.VOne.Web.Models.csproj", "{2FF6FA9D-4E62-4C0B-B3C6-25C236EAAB1F}"
EndProject
Project("{9A19103F-16F7-4668-BE54-9A1E7A4F7556}") = "Rac.VOne.Common", "Rac.VOne.Common\Rac.VOne.Common.csproj", "{77353C1A-5E87-4348-AD30-0B2283AEBC7D}"
EndProject
Project("{9A19103F-16F7-4668-BE54-9A1E7A4F7556}") = "Rac.VOne.Web.Common", "Rac.VOne.Web.Common\Rac.VOne.Web.Common.csproj", "{4E41482B-C45C-4050-A378-34D92F1A287B}"
EndProject
Project("{FAE04EC0-301F-11D3-BF4B-00C04F79EFBC}") = "Rac.Util.CodeGen", "Rac.Util.CodeGen\Rac.Util.CodeGen.csproj", "{46F40421-4749-4CA4-B48D-8AECFC989B6D}"
EndProject
Project("{FAE04EC0-301F-11D3-BF4B-00C04F79EFBC}") = "Rac.VOne.Web.Api.Legacy", "Rac.VOne.Web.Api.Legacy\Rac.VOne.Web.Api.Legacy.csproj", "{0486183A-2278-43B6-80C4-7E6F5BD0CAF3}"
EndProject
Project("{FAE04EC0-301F-11D3-BF4B-00C04F79EFBC}") = "Rac.VOne.Web.Reports", "Rac.VOne.Web.Reports\Rac.VOne.Web.Reports.csproj", "{B1A5AB7B-69E0-4B79-A3ED-062CE42D6E7F}"
EndProject
Project("{9A19103F-16F7-4668-BE54-9A1E7A4F7556}") = "Rac.VOne.EbData.Core", "Rac.VOne.EbData.Core\Rac.VOne.EbData.Core.csproj", "{4816ADCB-C432-4631-9C07-753428ECB526}"
EndProject
Project("{9A19103F-16F7-4668-BE54-9A1E7A4F7556}") = "Rac.VOne.AccountTransfer", "Rac.VOne.AccountTransfer\Rac.VOne.AccountTransfer.csproj", "{EC479AAD-3402-418B-A79F-F3A83203E291}"
EndProject
Project("{9A19103F-16F7-4668-BE54-9A1E7A4F7556}") = "Rac.VOne.Web.Import", "Rac.VOne.Web.Import\Rac.VOne.Web.Import.csproj", "{B7B236B5-8F2A-4844-B647-FDB7E340A5BC}"
EndProject
Project("{9A19103F-16F7-4668-BE54-9A1E7A4F7556}") = "Rac.VOne.Export", "Rac.VOne.Export\Rac.VOne.Export.csproj", "{65D3C6EA-4B26-476E-841A-ED868710CD23}"
EndProject
Project("{9A19103F-16F7-4668-BE54-9A1E7A4F7556}") = "Rac.VOne.Import", "Rac.VOne.Import\Rac.VOne.Import.csproj", "{E6DE24CB-91A9-4C17-BCCE-63D92FFC1D00}"
EndProject
Project("{FAE04EC0-301F-11D3-BF4B-00C04F79EFBC}") = "Rac.VOne.Client.Reports.Core", "Rac.VOne.Client.Reports.Core\Rac.VOne.Client.Reports.Core.csproj", "{11652F71-0C16-4728-9AF1-ABAF369313D2}"
EndProject
Project("{FAE04EC0-301F-11D3-BF4B-00C04F79EFBC}") = "Rac.VOne.Web.Spreadsheets", "Rac.VOne.Web.Spreadsheets\Rac.VOne.Web.Spreadsheets.csproj", "{D2CA484F-BD0E-42E4-BEF9-5651B6105CA7}"
EndProject
Global
	GlobalSection(SolutionConfigurationPlatforms) = preSolution
		Debug|Any CPU = Debug|Any CPU
		Debug|x86 = Debug|x86
		Release|Any CPU = Release|Any CPU
		Release|x86 = Release|x86
	EndGlobalSection
	GlobalSection(ProjectConfigurationPlatforms) = postSolution
		{1469B384-D646-48E8-BD50-187B0FBC5690}.Debug|Any CPU.ActiveCfg = Debug|Any CPU
		{1469B384-D646-48E8-BD50-187B0FBC5690}.Debug|Any CPU.Build.0 = Debug|Any CPU
		{1469B384-D646-48E8-BD50-187B0FBC5690}.Debug|x86.ActiveCfg = Debug|Any CPU
		{1469B384-D646-48E8-BD50-187B0FBC5690}.Debug|x86.Build.0 = Debug|Any CPU
		{1469B384-D646-48E8-BD50-187B0FBC5690}.Release|Any CPU.ActiveCfg = Release|Any CPU
		{1469B384-D646-48E8-BD50-187B0FBC5690}.Release|Any CPU.Build.0 = Release|Any CPU
		{1469B384-D646-48E8-BD50-187B0FBC5690}.Release|x86.ActiveCfg = Release|Any CPU
		{1469B384-D646-48E8-BD50-187B0FBC5690}.Release|x86.Build.0 = Release|Any CPU
		{F5C00D99-86C2-4A76-B86E-12629C9CA76F}.Debug|Any CPU.ActiveCfg = Debug|Any CPU
		{F5C00D99-86C2-4A76-B86E-12629C9CA76F}.Debug|Any CPU.Build.0 = Debug|Any CPU
		{F5C00D99-86C2-4A76-B86E-12629C9CA76F}.Debug|x86.ActiveCfg = Debug|Any CPU
		{F5C00D99-86C2-4A76-B86E-12629C9CA76F}.Debug|x86.Build.0 = Debug|Any CPU
		{F5C00D99-86C2-4A76-B86E-12629C9CA76F}.Release|Any CPU.ActiveCfg = Release|Any CPU
		{F5C00D99-86C2-4A76-B86E-12629C9CA76F}.Release|Any CPU.Build.0 = Release|Any CPU
		{F5C00D99-86C2-4A76-B86E-12629C9CA76F}.Release|x86.ActiveCfg = Release|Any CPU
		{F5C00D99-86C2-4A76-B86E-12629C9CA76F}.Release|x86.Build.0 = Release|Any CPU
		{4101D2A0-542D-48A6-BDFB-CFC7CC4C6F91}.Debug|Any CPU.ActiveCfg = Debug|Any CPU
		{4101D2A0-542D-48A6-BDFB-CFC7CC4C6F91}.Debug|Any CPU.Build.0 = Debug|Any CPU
		{4101D2A0-542D-48A6-BDFB-CFC7CC4C6F91}.Debug|x86.ActiveCfg = Debug|Any CPU
		{4101D2A0-542D-48A6-BDFB-CFC7CC4C6F91}.Debug|x86.Build.0 = Debug|Any CPU
		{4101D2A0-542D-48A6-BDFB-CFC7CC4C6F91}.Release|Any CPU.ActiveCfg = Release|Any CPU
		{4101D2A0-542D-48A6-BDFB-CFC7CC4C6F91}.Release|Any CPU.Build.0 = Release|Any CPU
		{4101D2A0-542D-48A6-BDFB-CFC7CC4C6F91}.Release|x86.ActiveCfg = Release|Any CPU
		{4101D2A0-542D-48A6-BDFB-CFC7CC4C6F91}.Release|x86.Build.0 = Release|Any CPU
		{2655F31B-F1EE-46FA-A775-8A78597F918D}.Debug|Any CPU.ActiveCfg = Debug|Any CPU
		{2655F31B-F1EE-46FA-A775-8A78597F918D}.Debug|Any CPU.Build.0 = Debug|Any CPU
		{2655F31B-F1EE-46FA-A775-8A78597F918D}.Debug|x86.ActiveCfg = Debug|Any CPU
		{2655F31B-F1EE-46FA-A775-8A78597F918D}.Debug|x86.Build.0 = Debug|Any CPU
		{2655F31B-F1EE-46FA-A775-8A78597F918D}.Release|Any CPU.ActiveCfg = Release|Any CPU
		{2655F31B-F1EE-46FA-A775-8A78597F918D}.Release|Any CPU.Build.0 = Release|Any CPU
		{2655F31B-F1EE-46FA-A775-8A78597F918D}.Release|x86.ActiveCfg = Release|Any CPU
		{2655F31B-F1EE-46FA-A775-8A78597F918D}.Release|x86.Build.0 = Release|Any CPU
		{94F2DA13-DA5B-431F-B4DC-957736FDED4A}.Debug|Any CPU.ActiveCfg = Debug|Any CPU
		{94F2DA13-DA5B-431F-B4DC-957736FDED4A}.Debug|Any CPU.Build.0 = Debug|Any CPU
		{94F2DA13-DA5B-431F-B4DC-957736FDED4A}.Debug|x86.ActiveCfg = Debug|Any CPU
		{94F2DA13-DA5B-431F-B4DC-957736FDED4A}.Debug|x86.Build.0 = Debug|Any CPU
		{94F2DA13-DA5B-431F-B4DC-957736FDED4A}.Release|Any CPU.ActiveCfg = Release|Any CPU
		{94F2DA13-DA5B-431F-B4DC-957736FDED4A}.Release|Any CPU.Build.0 = Release|Any CPU
		{94F2DA13-DA5B-431F-B4DC-957736FDED4A}.Release|x86.ActiveCfg = Release|Any CPU
		{94F2DA13-DA5B-431F-B4DC-957736FDED4A}.Release|x86.Build.0 = Release|Any CPU
		{028008CA-EBEB-4C89-A07D-B77D62CF4DF8}.Debug|Any CPU.ActiveCfg = Debug|Any CPU
		{028008CA-EBEB-4C89-A07D-B77D62CF4DF8}.Debug|Any CPU.Build.0 = Debug|Any CPU
		{028008CA-EBEB-4C89-A07D-B77D62CF4DF8}.Debug|x86.ActiveCfg = Debug|Any CPU
		{028008CA-EBEB-4C89-A07D-B77D62CF4DF8}.Debug|x86.Build.0 = Debug|Any CPU
		{028008CA-EBEB-4C89-A07D-B77D62CF4DF8}.Release|Any CPU.ActiveCfg = Release|Any CPU
		{028008CA-EBEB-4C89-A07D-B77D62CF4DF8}.Release|Any CPU.Build.0 = Release|Any CPU
		{028008CA-EBEB-4C89-A07D-B77D62CF4DF8}.Release|x86.ActiveCfg = Release|Any CPU
		{028008CA-EBEB-4C89-A07D-B77D62CF4DF8}.Release|x86.Build.0 = Release|Any CPU
		{1D651AE6-E8B1-4556-B51E-D13C461A0E7B}.Debug|Any CPU.ActiveCfg = Debug|Any CPU
		{1D651AE6-E8B1-4556-B51E-D13C461A0E7B}.Debug|Any CPU.Build.0 = Debug|Any CPU
		{1D651AE6-E8B1-4556-B51E-D13C461A0E7B}.Debug|x86.ActiveCfg = Debug|Any CPU
		{1D651AE6-E8B1-4556-B51E-D13C461A0E7B}.Debug|x86.Build.0 = Debug|Any CPU
		{1D651AE6-E8B1-4556-B51E-D13C461A0E7B}.Release|Any CPU.ActiveCfg = Release|Any CPU
		{1D651AE6-E8B1-4556-B51E-D13C461A0E7B}.Release|Any CPU.Build.0 = Release|Any CPU
		{1D651AE6-E8B1-4556-B51E-D13C461A0E7B}.Release|x86.ActiveCfg = Release|Any CPU
		{1D651AE6-E8B1-4556-B51E-D13C461A0E7B}.Release|x86.Build.0 = Release|Any CPU
		{C4FD38F3-9CBA-4DC8-AC34-4CE8EDD8FF6F}.Debug|Any CPU.ActiveCfg = Debug|Any CPU
		{C4FD38F3-9CBA-4DC8-AC34-4CE8EDD8FF6F}.Debug|Any CPU.Build.0 = Debug|Any CPU
		{C4FD38F3-9CBA-4DC8-AC34-4CE8EDD8FF6F}.Debug|x86.ActiveCfg = Debug|Any CPU
		{C4FD38F3-9CBA-4DC8-AC34-4CE8EDD8FF6F}.Debug|x86.Build.0 = Debug|Any CPU
		{C4FD38F3-9CBA-4DC8-AC34-4CE8EDD8FF6F}.Release|Any CPU.ActiveCfg = Release|Any CPU
		{C4FD38F3-9CBA-4DC8-AC34-4CE8EDD8FF6F}.Release|Any CPU.Build.0 = Release|Any CPU
		{C4FD38F3-9CBA-4DC8-AC34-4CE8EDD8FF6F}.Release|x86.ActiveCfg = Release|Any CPU
		{C4FD38F3-9CBA-4DC8-AC34-4CE8EDD8FF6F}.Release|x86.Build.0 = Release|Any CPU
		{DB79EB55-39AD-4314-A869-1433EFFA5643}.Debug|Any CPU.ActiveCfg = Debug|Any CPU
		{DB79EB55-39AD-4314-A869-1433EFFA5643}.Debug|Any CPU.Build.0 = Debug|Any CPU
		{DB79EB55-39AD-4314-A869-1433EFFA5643}.Debug|x86.ActiveCfg = Debug|Any CPU
		{DB79EB55-39AD-4314-A869-1433EFFA5643}.Debug|x86.Build.0 = Debug|Any CPU
		{DB79EB55-39AD-4314-A869-1433EFFA5643}.Release|Any CPU.ActiveCfg = Release|Any CPU
		{DB79EB55-39AD-4314-A869-1433EFFA5643}.Release|Any CPU.Build.0 = Release|Any CPU
		{DB79EB55-39AD-4314-A869-1433EFFA5643}.Release|x86.ActiveCfg = Release|Any CPU
		{DB79EB55-39AD-4314-A869-1433EFFA5643}.Release|x86.Build.0 = Release|Any CPU
		{02B50426-0897-4699-9759-E670AE1F8C8F}.Debug|Any CPU.ActiveCfg = Debug|Any CPU
		{02B50426-0897-4699-9759-E670AE1F8C8F}.Debug|Any CPU.Build.0 = Debug|Any CPU
		{02B50426-0897-4699-9759-E670AE1F8C8F}.Debug|x86.ActiveCfg = Debug|Any CPU
		{02B50426-0897-4699-9759-E670AE1F8C8F}.Debug|x86.Build.0 = Debug|Any CPU
		{02B50426-0897-4699-9759-E670AE1F8C8F}.Release|Any CPU.ActiveCfg = Release|Any CPU
		{02B50426-0897-4699-9759-E670AE1F8C8F}.Release|Any CPU.Build.0 = Release|Any CPU
		{02B50426-0897-4699-9759-E670AE1F8C8F}.Release|x86.ActiveCfg = Release|Any CPU
		{02B50426-0897-4699-9759-E670AE1F8C8F}.Release|x86.Build.0 = Release|Any CPU
		{485D531C-A1E4-4595-AF09-EE7064D3C89A}.Debug|Any CPU.ActiveCfg = Debug|Any CPU
		{485D531C-A1E4-4595-AF09-EE7064D3C89A}.Debug|Any CPU.Build.0 = Debug|Any CPU
		{485D531C-A1E4-4595-AF09-EE7064D3C89A}.Debug|x86.ActiveCfg = Debug|x86
		{485D531C-A1E4-4595-AF09-EE7064D3C89A}.Debug|x86.Build.0 = Debug|x86
		{485D531C-A1E4-4595-AF09-EE7064D3C89A}.Release|Any CPU.ActiveCfg = Release|Any CPU
		{485D531C-A1E4-4595-AF09-EE7064D3C89A}.Release|Any CPU.Build.0 = Release|Any CPU
		{485D531C-A1E4-4595-AF09-EE7064D3C89A}.Release|x86.ActiveCfg = Release|x86
		{485D531C-A1E4-4595-AF09-EE7064D3C89A}.Release|x86.Build.0 = Release|x86
		{8667E1FC-B48A-45B6-8B64-D89312F76B7A}.Debug|Any CPU.ActiveCfg = Debug|Any CPU
		{8667E1FC-B48A-45B6-8B64-D89312F76B7A}.Debug|Any CPU.Build.0 = Debug|Any CPU
		{8667E1FC-B48A-45B6-8B64-D89312F76B7A}.Debug|x86.ActiveCfg = Debug|x86
		{8667E1FC-B48A-45B6-8B64-D89312F76B7A}.Debug|x86.Build.0 = Debug|x86
		{8667E1FC-B48A-45B6-8B64-D89312F76B7A}.Release|Any CPU.ActiveCfg = Release|Any CPU
		{8667E1FC-B48A-45B6-8B64-D89312F76B7A}.Release|Any CPU.Build.0 = Release|Any CPU
		{8667E1FC-B48A-45B6-8B64-D89312F76B7A}.Release|x86.ActiveCfg = Release|x86
		{8667E1FC-B48A-45B6-8B64-D89312F76B7A}.Release|x86.Build.0 = Release|x86
		{2FF6FA9D-4E62-4C0B-B3C6-25C236EAAB1F}.Debug|Any CPU.ActiveCfg = Debug|Any CPU
		{2FF6FA9D-4E62-4C0B-B3C6-25C236EAAB1F}.Debug|Any CPU.Build.0 = Debug|Any CPU
		{2FF6FA9D-4E62-4C0B-B3C6-25C236EAAB1F}.Debug|x86.ActiveCfg = Debug|x86
		{2FF6FA9D-4E62-4C0B-B3C6-25C236EAAB1F}.Debug|x86.Build.0 = Debug|x86
		{2FF6FA9D-4E62-4C0B-B3C6-25C236EAAB1F}.Release|Any CPU.ActiveCfg = Release|Any CPU
		{2FF6FA9D-4E62-4C0B-B3C6-25C236EAAB1F}.Release|Any CPU.Build.0 = Release|Any CPU
		{2FF6FA9D-4E62-4C0B-B3C6-25C236EAAB1F}.Release|x86.ActiveCfg = Release|x86
		{2FF6FA9D-4E62-4C0B-B3C6-25C236EAAB1F}.Release|x86.Build.0 = Release|x86
		{77353C1A-5E87-4348-AD30-0B2283AEBC7D}.Debug|Any CPU.ActiveCfg = Debug|Any CPU
		{77353C1A-5E87-4348-AD30-0B2283AEBC7D}.Debug|Any CPU.Build.0 = Debug|Any CPU
		{77353C1A-5E87-4348-AD30-0B2283AEBC7D}.Debug|x86.ActiveCfg = Debug|x86
		{77353C1A-5E87-4348-AD30-0B2283AEBC7D}.Debug|x86.Build.0 = Debug|x86
		{77353C1A-5E87-4348-AD30-0B2283AEBC7D}.Release|Any CPU.ActiveCfg = Release|Any CPU
		{77353C1A-5E87-4348-AD30-0B2283AEBC7D}.Release|Any CPU.Build.0 = Release|Any CPU
		{77353C1A-5E87-4348-AD30-0B2283AEBC7D}.Release|x86.ActiveCfg = Release|x86
		{77353C1A-5E87-4348-AD30-0B2283AEBC7D}.Release|x86.Build.0 = Release|x86
		{4E41482B-C45C-4050-A378-34D92F1A287B}.Debug|Any CPU.ActiveCfg = Debug|Any CPU
		{4E41482B-C45C-4050-A378-34D92F1A287B}.Debug|Any CPU.Build.0 = Debug|Any CPU
		{4E41482B-C45C-4050-A378-34D92F1A287B}.Debug|x86.ActiveCfg = Debug|x86
		{4E41482B-C45C-4050-A378-34D92F1A287B}.Debug|x86.Build.0 = Debug|x86
		{4E41482B-C45C-4050-A378-34D92F1A287B}.Release|Any CPU.ActiveCfg = Release|Any CPU
		{4E41482B-C45C-4050-A378-34D92F1A287B}.Release|Any CPU.Build.0 = Release|Any CPU
		{4E41482B-C45C-4050-A378-34D92F1A287B}.Release|x86.ActiveCfg = Release|x86
		{4E41482B-C45C-4050-A378-34D92F1A287B}.Release|x86.Build.0 = Release|x86
		{46F40421-4749-4CA4-B48D-8AECFC989B6D}.Debug|Any CPU.ActiveCfg = Debug|Any CPU
		{46F40421-4749-4CA4-B48D-8AECFC989B6D}.Debug|Any CPU.Build.0 = Debug|Any CPU
		{46F40421-4749-4CA4-B48D-8AECFC989B6D}.Debug|x86.ActiveCfg = Debug|Any CPU
		{46F40421-4749-4CA4-B48D-8AECFC989B6D}.Debug|x86.Build.0 = Debug|Any CPU
		{46F40421-4749-4CA4-B48D-8AECFC989B6D}.Release|Any CPU.ActiveCfg = Release|Any CPU
		{46F40421-4749-4CA4-B48D-8AECFC989B6D}.Release|Any CPU.Build.0 = Release|Any CPU
		{46F40421-4749-4CA4-B48D-8AECFC989B6D}.Release|x86.ActiveCfg = Release|Any CPU
		{46F40421-4749-4CA4-B48D-8AECFC989B6D}.Release|x86.Build.0 = Release|Any CPU
		{0486183A-2278-43B6-80C4-7E6F5BD0CAF3}.Debug|Any CPU.ActiveCfg = Debug|Any CPU
		{0486183A-2278-43B6-80C4-7E6F5BD0CAF3}.Debug|Any CPU.Build.0 = Debug|Any CPU
		{0486183A-2278-43B6-80C4-7E6F5BD0CAF3}.Debug|x86.ActiveCfg = Debug|Any CPU
		{0486183A-2278-43B6-80C4-7E6F5BD0CAF3}.Debug|x86.Build.0 = Debug|Any CPU
		{0486183A-2278-43B6-80C4-7E6F5BD0CAF3}.Release|Any CPU.ActiveCfg = Release|Any CPU
		{0486183A-2278-43B6-80C4-7E6F5BD0CAF3}.Release|Any CPU.Build.0 = Release|Any CPU
		{0486183A-2278-43B6-80C4-7E6F5BD0CAF3}.Release|x86.ActiveCfg = Release|Any CPU
		{0486183A-2278-43B6-80C4-7E6F5BD0CAF3}.Release|x86.Build.0 = Release|Any CPU
		{B1A5AB7B-69E0-4B79-A3ED-062CE42D6E7F}.Debug|Any CPU.ActiveCfg = Debug|Any CPU
		{B1A5AB7B-69E0-4B79-A3ED-062CE42D6E7F}.Debug|Any CPU.Build.0 = Debug|Any CPU
		{B1A5AB7B-69E0-4B79-A3ED-062CE42D6E7F}.Debug|x86.ActiveCfg = Debug|Any CPU
		{B1A5AB7B-69E0-4B79-A3ED-062CE42D6E7F}.Debug|x86.Build.0 = Debug|Any CPU
		{B1A5AB7B-69E0-4B79-A3ED-062CE42D6E7F}.Release|Any CPU.ActiveCfg = Release|Any CPU
		{B1A5AB7B-69E0-4B79-A3ED-062CE42D6E7F}.Release|Any CPU.Build.0 = Release|Any CPU
		{B1A5AB7B-69E0-4B79-A3ED-062CE42D6E7F}.Release|x86.ActiveCfg = Release|Any CPU
		{B1A5AB7B-69E0-4B79-A3ED-062CE42D6E7F}.Release|x86.Build.0 = Release|Any CPU
		{4816ADCB-C432-4631-9C07-753428ECB526}.Debug|Any CPU.ActiveCfg = Debug|Any CPU
		{4816ADCB-C432-4631-9C07-753428ECB526}.Debug|Any CPU.Build.0 = Debug|Any CPU
		{4816ADCB-C432-4631-9C07-753428ECB526}.Debug|x86.ActiveCfg = Debug|Any CPU
		{4816ADCB-C432-4631-9C07-753428ECB526}.Debug|x86.Build.0 = Debug|Any CPU
		{4816ADCB-C432-4631-9C07-753428ECB526}.Release|Any CPU.ActiveCfg = Release|Any CPU
		{4816ADCB-C432-4631-9C07-753428ECB526}.Release|Any CPU.Build.0 = Release|Any CPU
		{4816ADCB-C432-4631-9C07-753428ECB526}.Release|x86.ActiveCfg = Release|Any CPU
		{4816ADCB-C432-4631-9C07-753428ECB526}.Release|x86.Build.0 = Release|Any CPU
		{EC479AAD-3402-418B-A79F-F3A83203E291}.Debug|Any CPU.ActiveCfg = Debug|Any CPU
		{EC479AAD-3402-418B-A79F-F3A83203E291}.Debug|Any CPU.Build.0 = Debug|Any CPU
		{EC479AAD-3402-418B-A79F-F3A83203E291}.Debug|x86.ActiveCfg = Debug|Any CPU
		{EC479AAD-3402-418B-A79F-F3A83203E291}.Debug|x86.Build.0 = Debug|Any CPU
		{EC479AAD-3402-418B-A79F-F3A83203E291}.Release|Any CPU.ActiveCfg = Release|Any CPU
		{EC479AAD-3402-418B-A79F-F3A83203E291}.Release|Any CPU.Build.0 = Release|Any CPU
		{EC479AAD-3402-418B-A79F-F3A83203E291}.Release|x86.ActiveCfg = Release|Any CPU
		{EC479AAD-3402-418B-A79F-F3A83203E291}.Release|x86.Build.0 = Release|Any CPU
		{B7B236B5-8F2A-4844-B647-FDB7E340A5BC}.Debug|Any CPU.ActiveCfg = Debug|Any CPU
		{B7B236B5-8F2A-4844-B647-FDB7E340A5BC}.Debug|Any CPU.Build.0 = Debug|Any CPU
		{B7B236B5-8F2A-4844-B647-FDB7E340A5BC}.Debug|x86.ActiveCfg = Debug|Any CPU
		{B7B236B5-8F2A-4844-B647-FDB7E340A5BC}.Debug|x86.Build.0 = Debug|Any CPU
		{B7B236B5-8F2A-4844-B647-FDB7E340A5BC}.Release|Any CPU.ActiveCfg = Release|Any CPU
		{B7B236B5-8F2A-4844-B647-FDB7E340A5BC}.Release|Any CPU.Build.0 = Release|Any CPU
		{B7B236B5-8F2A-4844-B647-FDB7E340A5BC}.Release|x86.ActiveCfg = Release|Any CPU
		{B7B236B5-8F2A-4844-B647-FDB7E340A5BC}.Release|x86.Build.0 = Release|Any CPU
		{65D3C6EA-4B26-476E-841A-ED868710CD23}.Debug|Any CPU.ActiveCfg = Debug|Any CPU
		{65D3C6EA-4B26-476E-841A-ED868710CD23}.Debug|Any CPU.Build.0 = Debug|Any CPU
		{65D3C6EA-4B26-476E-841A-ED868710CD23}.Debug|x86.ActiveCfg = Debug|Any CPU
		{65D3C6EA-4B26-476E-841A-ED868710CD23}.Debug|x86.Build.0 = Debug|Any CPU
		{65D3C6EA-4B26-476E-841A-ED868710CD23}.Release|Any CPU.ActiveCfg = Release|Any CPU
		{65D3C6EA-4B26-476E-841A-ED868710CD23}.Release|Any CPU.Build.0 = Release|Any CPU
		{65D3C6EA-4B26-476E-841A-ED868710CD23}.Release|x86.ActiveCfg = Release|Any CPU
		{65D3C6EA-4B26-476E-841A-ED868710CD23}.Release|x86.Build.0 = Release|Any CPU
		{E6DE24CB-91A9-4C17-BCCE-63D92FFC1D00}.Debug|Any CPU.ActiveCfg = Debug|Any CPU
		{E6DE24CB-91A9-4C17-BCCE-63D92FFC1D00}.Debug|Any CPU.Build.0 = Debug|Any CPU
		{E6DE24CB-91A9-4C17-BCCE-63D92FFC1D00}.Debug|x86.ActiveCfg = Debug|Any CPU
		{E6DE24CB-91A9-4C17-BCCE-63D92FFC1D00}.Debug|x86.Build.0 = Debug|Any CPU
		{E6DE24CB-91A9-4C17-BCCE-63D92FFC1D00}.Release|Any CPU.ActiveCfg = Release|Any CPU
		{E6DE24CB-91A9-4C17-BCCE-63D92FFC1D00}.Release|Any CPU.Build.0 = Release|Any CPU
		{E6DE24CB-91A9-4C17-BCCE-63D92FFC1D00}.Release|x86.ActiveCfg = Release|Any CPU
		{E6DE24CB-91A9-4C17-BCCE-63D92FFC1D00}.Release|x86.Build.0 = Release|Any CPU
		{11652F71-0C16-4728-9AF1-ABAF369313D2}.Debug|Any CPU.ActiveCfg = Debug|Any CPU
		{11652F71-0C16-4728-9AF1-ABAF369313D2}.Debug|Any CPU.Build.0 = Debug|Any CPU
		{11652F71-0C16-4728-9AF1-ABAF369313D2}.Debug|x86.ActiveCfg = Debug|Any CPU
		{11652F71-0C16-4728-9AF1-ABAF369313D2}.Debug|x86.Build.0 = Debug|Any CPU
		{11652F71-0C16-4728-9AF1-ABAF369313D2}.Release|Any CPU.ActiveCfg = Release|Any CPU
		{11652F71-0C16-4728-9AF1-ABAF369313D2}.Release|Any CPU.Build.0 = Release|Any CPU
		{11652F71-0C16-4728-9AF1-ABAF369313D2}.Release|x86.ActiveCfg = Release|Any CPU
		{11652F71-0C16-4728-9AF1-ABAF369313D2}.Release|x86.Build.0 = Release|Any CPU
		{D2CA484F-BD0E-42E4-BEF9-5651B6105CA7}.Debug|Any CPU.ActiveCfg = Debug|Any CPU
		{D2CA484F-BD0E-42E4-BEF9-5651B6105CA7}.Debug|Any CPU.Build.0 = Debug|Any CPU
		{D2CA484F-BD0E-42E4-BEF9-5651B6105CA7}.Debug|x86.ActiveCfg = Debug|Any CPU
		{D2CA484F-BD0E-42E4-BEF9-5651B6105CA7}.Debug|x86.Build.0 = Debug|Any CPU
		{D2CA484F-BD0E-42E4-BEF9-5651B6105CA7}.Release|Any CPU.ActiveCfg = Release|Any CPU
		{D2CA484F-BD0E-42E4-BEF9-5651B6105CA7}.Release|Any CPU.Build.0 = Release|Any CPU
		{D2CA484F-BD0E-42E4-BEF9-5651B6105CA7}.Release|x86.ActiveCfg = Release|Any CPU
		{D2CA484F-BD0E-42E4-BEF9-5651B6105CA7}.Release|x86.Build.0 = Release|Any CPU
	EndGlobalSection
	GlobalSection(SolutionProperties) = preSolution
		HideSolutionNode = FALSE
	EndGlobalSection
	GlobalSection(ExtensibilityGlobals) = postSolution
		SolutionGuid = {F32F40A1-7034-4D90-B9C8-161B52D1D93B}
	EndGlobalSection
EndGlobal
